// !$*UTF8*$!
{
	archiveVersion = 1;
	classes = {
	};
	objectVersion = 50;
	objects = {

/* Begin PBXBuildFile section */
		6EE0D58921A5BBED00CF08F8 /* AppDelegate.swift in Sources */ = {isa = PBXBuildFile; fileRef = 6EE0D58821A5BBED00CF08F8 /* AppDelegate.swift */; };
		6EE0D58B21A5BBED00CF08F8 /* ViewController.swift in Sources */ = {isa = PBXBuildFile; fileRef = 6EE0D58A21A5BBED00CF08F8 /* ViewController.swift */; };
		6EE0D58E21A5BBED00CF08F8 /* Main.storyboard in Resources */ = {isa = PBXBuildFile; fileRef = 6EE0D58C21A5BBED00CF08F8 /* Main.storyboard */; };
		6EE0D59021A5BBF000CF08F8 /* Assets.xcassets in Resources */ = {isa = PBXBuildFile; fileRef = 6EE0D58F21A5BBF000CF08F8 /* Assets.xcassets */; };
		6EE0D59321A5BBF000CF08F8 /* LaunchScreen.storyboard in Resources */ = {isa = PBXBuildFile; fileRef = 6EE0D59121A5BBF000CF08F8 /* LaunchScreen.storyboard */; };
		6EE0D5A021A5C23B00CF08F8 /* EnvironmentManager.framework in Frameworks */ = {isa = PBXBuildFile; fileRef = 6EE0D59F21A5C23B00CF08F8 /* EnvironmentManager.framework */; };
		6EE0D5A221A5C24300CF08F8 /* EnvironmentManager.framework in Embed Frameworks */ = {isa = PBXBuildFile; fileRef = 6EE0D59F21A5C23B00CF08F8 /* EnvironmentManager.framework */; settings = {ATTRIBUTES = (CodeSignOnCopy, RemoveHeadersOnCopy, ); }; };
/* End PBXBuildFile section */

/* Begin PBXCopyFilesBuildPhase section */
		6EE0D5A321A5C24300CF08F8 /* Embed Frameworks */ = {
			isa = PBXCopyFilesBuildPhase;
			buildActionMask = 2147483647;
			dstPath = "";
			dstSubfolderSpec = 10;
			files = (
				6EE0D5A221A5C24300CF08F8 /* EnvironmentManager.framework in Embed Frameworks */,
			);
			name = "Embed Frameworks";
			runOnlyForDeploymentPostprocessing = 0;
		};
/* End PBXCopyFilesBuildPhase section */

/* Begin PBXFileReference section */
		6EE0D58521A5BBED00CF08F8 /* EnvironmentManagerExample.app */ = {isa = PBXFileReference; explicitFileType = wrapper.application; includeInIndex = 0; path = EnvironmentManagerExample.app; sourceTree = BUILT_PRODUCTS_DIR; };
		6EE0D58821A5BBED00CF08F8 /* AppDelegate.swift */ = {isa = PBXFileReference; lastKnownFileType = sourcecode.swift; path = AppDelegate.swift; sourceTree = "<group>"; };
		6EE0D58A21A5BBED00CF08F8 /* ViewController.swift */ = {isa = PBXFileReference; lastKnownFileType = sourcecode.swift; path = ViewController.swift; sourceTree = "<group>"; };
		6EE0D58D21A5BBED00CF08F8 /* Base */ = {isa = PBXFileReference; lastKnownFileType = file.storyboard; name = Base; path = Base.lproj/Main.storyboard; sourceTree = "<group>"; };
		6EE0D58F21A5BBF000CF08F8 /* Assets.xcassets */ = {isa = PBXFileReference; lastKnownFileType = folder.assetcatalog; path = Assets.xcassets; sourceTree = "<group>"; };
		6EE0D59221A5BBF000CF08F8 /* Base */ = {isa = PBXFileReference; lastKnownFileType = file.storyboard; name = Base; path = Base.lproj/LaunchScreen.storyboard; sourceTree = "<group>"; };
		6EE0D59421A5BBF000CF08F8 /* Info.plist */ = {isa = PBXFileReference; lastKnownFileType = text.plist.xml; path = Info.plist; sourceTree = "<group>"; };
		6EE0D59F21A5C23B00CF08F8 /* EnvironmentManager.framework */ = {isa = PBXFileReference; explicitFileType = wrapper.framework; path = EnvironmentManager.framework; sourceTree = BUILT_PRODUCTS_DIR; };
/* End PBXFileReference section */

/* Begin PBXFrameworksBuildPhase section */
		6EE0D58221A5BBED00CF08F8 /* Frameworks */ = {
			isa = PBXFrameworksBuildPhase;
			buildActionMask = 2147483647;
			files = (
				6EE0D5A021A5C23B00CF08F8 /* EnvironmentManager.framework in Frameworks */,
			);
			runOnlyForDeploymentPostprocessing = 0;
		};
/* End PBXFrameworksBuildPhase section */

/* Begin PBXGroup section */
		6EE0D57C21A5BBED00CF08F8 = {
			isa = PBXGroup;
			children = (
				6EE0D58721A5BBED00CF08F8 /* EnvironmentManagerExample */,
				6EE0D58621A5BBED00CF08F8 /* Products */,
				6EE0D59E21A5C23B00CF08F8 /* Frameworks */,
			);
			sourceTree = "<group>";
		};
		6EE0D58621A5BBED00CF08F8 /* Products */ = {
			isa = PBXGroup;
			children = (
				6EE0D58521A5BBED00CF08F8 /* EnvironmentManagerExample.app */,
			);
			name = Products;
			sourceTree = "<group>";
		};
		6EE0D58721A5BBED00CF08F8 /* EnvironmentManagerExample */ = {
			isa = PBXGroup;
			children = (
				6EE0D58821A5BBED00CF08F8 /* AppDelegate.swift */,
				6EE0D58A21A5BBED00CF08F8 /* ViewController.swift */,
				6EE0D58C21A5BBED00CF08F8 /* Main.storyboard */,
				6EE0D58F21A5BBF000CF08F8 /* Assets.xcassets */,
				6EE0D59121A5BBF000CF08F8 /* LaunchScreen.storyboard */,
				6EE0D59421A5BBF000CF08F8 /* Info.plist */,
			);
			path = EnvironmentManagerExample;
			sourceTree = "<group>";
		};
		6EE0D59E21A5C23B00CF08F8 /* Frameworks */ = {
			isa = PBXGroup;
			children = (
				6EE0D59F21A5C23B00CF08F8 /* EnvironmentManager.framework */,
			);
			name = Frameworks;
			sourceTree = "<group>";
		};
/* End PBXGroup section */

/* Begin PBXNativeTarget section */
		6EE0D58421A5BBED00CF08F8 /* EnvironmentManagerExample */ = {
			isa = PBXNativeTarget;
			buildConfigurationList = 6EE0D59721A5BBF000CF08F8 /* Build configuration list for PBXNativeTarget "EnvironmentManagerExample" */;
			buildPhases = (
				6EE0D58121A5BBED00CF08F8 /* Sources */,
				6EE0D58221A5BBED00CF08F8 /* Frameworks */,
				6EE0D58321A5BBED00CF08F8 /* Resources */,
				6EE0D5A321A5C24300CF08F8 /* Embed Frameworks */,
			);
			buildRules = (
			);
			dependencies = (
			);
			name = EnvironmentManagerExample;
			productName = EnvironmentManagerExample;
			productReference = 6EE0D58521A5BBED00CF08F8 /* EnvironmentManagerExample.app */;
			productType = "com.apple.product-type.application";
		};
/* End PBXNativeTarget section */

/* Begin PBXProject section */
		6EE0D57D21A5BBED00CF08F8 /* Project object */ = {
			isa = PBXProject;
			attributes = {
				LastSwiftUpdateCheck = 1010;
				LastUpgradeCheck = 1010;
				ORGANIZATIONNAME = DP;
				TargetAttributes = {
					6EE0D58421A5BBED00CF08F8 = {
						CreatedOnToolsVersion = 10.1;
					};
				};
			};
			buildConfigurationList = 6EE0D58021A5BBED00CF08F8 /* Build configuration list for PBXProject "EnvironmentManagerExample" */;
			compatibilityVersion = "Xcode 9.3";
			developmentRegion = en;
			hasScannedForEncodings = 0;
			knownRegions = (
				en,
				Base,
			);
			mainGroup = 6EE0D57C21A5BBED00CF08F8;
			productRefGroup = 6EE0D58621A5BBED00CF08F8 /* Products */;
			projectDirPath = "";
			projectRoot = "";
			targets = (
				6EE0D58421A5BBED00CF08F8 /* EnvironmentManagerExample */,
			);
		};
/* End PBXProject section */

/* Begin PBXResourcesBuildPhase section */
		6EE0D58321A5BBED00CF08F8 /* Resources */ = {
			isa = PBXResourcesBuildPhase;
			buildActionMask = 2147483647;
			files = (
				6EE0D59321A5BBF000CF08F8 /* LaunchScreen.storyboard in Resources */,
				6EE0D59021A5BBF000CF08F8 /* Assets.xcassets in Resources */,
				6EE0D58E21A5BBED00CF08F8 /* Main.storyboard in Resources */,
			);
			runOnlyForDeploymentPostprocessing = 0;
		};
/* End PBXResourcesBuildPhase section */

/* Begin PBXSourcesBuildPhase section */
		6EE0D58121A5BBED00CF08F8 /* Sources */ = {
			isa = PBXSourcesBuildPhase;
			buildActionMask = 2147483647;
			files = (
				6EE0D58B21A5BBED00CF08F8 /* ViewController.swift in Sources */,
				6EE0D58921A5BBED00CF08F8 /* AppDelegate.swift in Sources */,
			);
			runOnlyForDeploymentPostprocessing = 0;
		};
/* End PBXSourcesBuildPhase section */

/* Begin PBXVariantGroup section */
		6EE0D58C21A5BBED00CF08F8 /* Main.storyboard */ = {
			isa = PBXVariantGroup;
			children = (
				6EE0D58D21A5BBED00CF08F8 /* Base */,
			);
			name = Main.storyboard;
			sourceTree = "<group>";
		};
		6EE0D59121A5BBF000CF08F8 /* LaunchScreen.storyboard */ = {
			isa = PBXVariantGroup;
			children = (
				6EE0D59221A5BBF000CF08F8 /* Base */,
			);
			name = LaunchScreen.storyboard;
			sourceTree = "<group>";
		};
/* End PBXVariantGroup section */

/* Begin XCBuildConfiguration section */
		6EE0D59521A5BBF000CF08F8 /* Debug */ = {
			isa = XCBuildConfiguration;
			buildSettings = {
				ALWAYS_SEARCH_USER_PATHS = NO;
				CLANG_ANALYZER_NONNULL = YES;
				CLANG_ANALYZER_NUMBER_OBJECT_CONVERSION = YES_AGGRESSIVE;
				CLANG_CXX_LANGUAGE_STANDARD = "gnu++14";
				CLANG_CXX_LIBRARY = "libc++";
				CLANG_ENABLE_MODULES = YES;
				CLANG_ENABLE_OBJC_ARC = YES;
				CLANG_ENABLE_OBJC_WEAK = YES;
				CLANG_WARN_BLOCK_CAPTURE_AUTORELEASING = YES;
				CLANG_WARN_BOOL_CONVERSION = YES;
				CLANG_WARN_COMMA = YES;
				CLANG_WARN_CONSTANT_CONVERSION = YES;
				CLANG_WARN_DEPRECATED_OBJC_IMPLEMENTATIONS = YES;
				CLANG_WARN_DIRECT_OBJC_ISA_USAGE = YES_ERROR;
				CLANG_WARN_DOCUMENTATION_COMMENTS = YES;
				CLANG_WARN_EMPTY_BODY = YES;
				CLANG_WARN_ENUM_CONVERSION = YES;
				CLANG_WARN_INFINITE_RECURSION = YES;
				CLANG_WARN_INT_CONVERSION = YES;
				CLANG_WARN_NON_LITERAL_NULL_CONVERSION = YES;
				CLANG_WARN_OBJC_IMPLICIT_RETAIN_SELF = YES;
				CLANG_WARN_OBJC_LITERAL_CONVERSION = YES;
				CLANG_WARN_OBJC_ROOT_CLASS = YES_ERROR;
				CLANG_WARN_RANGE_LOOP_ANALYSIS = YES;
				CLANG_WARN_STRICT_PROTOTYPES = YES;
				CLANG_WARN_SUSPICIOUS_MOVE = YES;
				CLANG_WARN_UNGUARDED_AVAILABILITY = YES_AGGRESSIVE;
				CLANG_WARN_UNREACHABLE_CODE = YES;
				CLANG_WARN__DUPLICATE_METHOD_MATCH = YES;
				CODE_SIGN_IDENTITY = "iPhone Developer";
				COPY_PHASE_STRIP = NO;
				DEBUG_INFORMATION_FORMAT = dwarf;
				ENABLE_STRICT_OBJC_MSGSEND = YES;
				ENABLE_TESTABILITY = YES;
				GCC_C_LANGUAGE_STANDARD = gnu11;
				GCC_DYNAMIC_NO_PIC = NO;
				GCC_NO_COMMON_BLOCKS = YES;
				GCC_OPTIMIZATION_LEVEL = 0;
				GCC_PREPROCESSOR_DEFINITIONS = (
					"DEBUG=1",
					"$(inherited)",
				);
				GCC_WARN_64_TO_32_BIT_CONVERSION = YES;
				GCC_WARN_ABOUT_RETURN_TYPE = YES_ERROR;
				GCC_WARN_UNDECLARED_SELECTOR = YES;
				GCC_WARN_UNINITIALIZED_AUTOS = YES_AGGRESSIVE;
				GCC_WARN_UNUSED_FUNCTION = YES;
				GCC_WARN_UNUSED_VARIABLE = YES;
				IPHONEOS_DEPLOYMENT_TARGET = 12.1;
				MTL_ENABLE_DEBUG_INFO = INCLUDE_SOURCE;
				MTL_FAST_MATH = YES;
				ONLY_ACTIVE_ARCH = YES;
				SDKROOT = iphoneos;
				SWIFT_ACTIVE_COMPILATION_CONDITIONS = DEBUG;
				SWIFT_OPTIMIZATION_LEVEL = "-Onone";
			};
			name = Debug;
		};
		6EE0D59621A5BBF000CF08F8 /* Release */ = {
			isa = XCBuildConfiguration;
			buildSettings = {
				ALWAYS_SEARCH_USER_PATHS = NO;
				CLANG_ANALYZER_NONNULL = YES;
				CLANG_ANALYZER_NUMBER_OBJECT_CONVERSION = YES_AGGRESSIVE;
				CLANG_CXX_LANGUAGE_STANDARD = "gnu++14";
				CLANG_CXX_LIBRARY = "libc++";
				CLANG_ENABLE_MODULES = YES;
				CLANG_ENABLE_OBJC_ARC = YES;
				CLANG_ENABLE_OBJC_WEAK = YES;
				CLANG_WARN_BLOCK_CAPTURE_AUTORELEASING = YES;
				CLANG_WARN_BOOL_CONVERSION = YES;
				CLANG_WARN_COMMA = YES;
				CLANG_WARN_CONSTANT_CONVERSION = YES;
				CLANG_WARN_DEPRECATED_OBJC_IMPLEMENTATIONS = YES;
				CLANG_WARN_DIRECT_OBJC_ISA_USAGE = YES_ERROR;
				CLANG_WARN_DOCUMENTATION_COMMENTS = YES;
				CLANG_WARN_EMPTY_BODY = YES;
				CLANG_WARN_ENUM_CONVERSION = YES;
				CLANG_WARN_INFINITE_RECURSION = YES;
				CLANG_WARN_INT_CONVERSION = YES;
				CLANG_WARN_NON_LITERAL_NULL_CONVERSION = YES;
				CLANG_WARN_OBJC_IMPLICIT_RETAIN_SELF = YES;
				CLANG_WARN_OBJC_LITERAL_CONVERSION = YES;
				CLANG_WARN_OBJC_ROOT_CLASS = YES_ERROR;
				CLANG_WARN_RANGE_LOOP_ANALYSIS = YES;
				CLANG_WARN_STRICT_PROTOTYPES = YES;
				CLANG_WARN_SUSPICIOUS_MOVE = YES;
				CLANG_WARN_UNGUARDED_AVAILABILITY = YES_AGGRESSIVE;
				CLANG_WARN_UNREACHABLE_CODE = YES;
				CLANG_WARN__DUPLICATE_METHOD_MATCH = YES;
				CODE_SIGN_IDENTITY = "iPhone Developer";
				COPY_PHASE_STRIP = NO;
				DEBUG_INFORMATION_FORMAT = "dwarf-with-dsym";
				ENABLE_NS_ASSERTIONS = NO;
				ENABLE_STRICT_OBJC_MSGSEND = YES;
				GCC_C_LANGUAGE_STANDARD = gnu11;
				GCC_NO_COMMON_BLOCKS = YES;
				GCC_WARN_64_TO_32_BIT_CONVERSION = YES;
				GCC_WARN_ABOUT_RETURN_TYPE = YES_ERROR;
				GCC_WARN_UNDECLARED_SELECTOR = YES;
				GCC_WARN_UNINITIALIZED_AUTOS = YES_AGGRESSIVE;
				GCC_WARN_UNUSED_FUNCTION = YES;
				GCC_WARN_UNUSED_VARIABLE = YES;
				IPHONEOS_DEPLOYMENT_TARGET = 12.1;
				MTL_ENABLE_DEBUG_INFO = NO;
				MTL_FAST_MATH = YES;
				SDKROOT = iphoneos;
				SWIFT_COMPILATION_MODE = wholemodule;
				SWIFT_OPTIMIZATION_LEVEL = "-O";
				VALIDATE_PRODUCT = YES;
			};
			name = Release;
		};
		6EE0D59821A5BBF000CF08F8 /* Debug */ = {
			isa = XCBuildConfiguration;
			buildSettings = {
				ASSETCATALOG_COMPILER_APPICON_NAME = AppIcon;
				CODE_SIGN_STYLE = Manual;
				DEVELOPMENT_TEAM = FDDHMJN7C8;
				INFOPLIST_FILE = EnvironmentManagerExample/Info.plist;
				LD_RUNPATH_SEARCH_PATHS = (
					"$(inherited)",
					"@executable_path/Frameworks",
				);
				PRODUCT_BUNDLE_IDENTIFIER = DP.iOS.EnvironmentManagerExample;
				PRODUCT_NAME = "$(TARGET_NAME)";
				PROVISIONING_PROFILE_SPECIFIER = "776-dev-wildcard-profile";
				SWIFT_VERSION = 4.2;
				TARGETED_DEVICE_FAMILY = "1,2";
			};
			name = Debug;
		};
		6EE0D59921A5BBF000CF08F8 /* Release */ = {
			isa = XCBuildConfiguration;
			buildSettings = {
				ASSETCATALOG_COMPILER_APPICON_NAME = AppIcon;
				CODE_SIGN_STYLE = Manual;
				DEVELOPMENT_TEAM = FDDHMJN7C8;
				INFOPLIST_FILE = EnvironmentManagerExample/Info.plist;
				LD_RUNPATH_SEARCH_PATHS = (
					"$(inherited)",
					"@executable_path/Frameworks",
				);
				PRODUCT_BUNDLE_IDENTIFIER = DP.iOS.EnvironmentManagerExample;
				PRODUCT_NAME = "$(TARGET_NAME)";
				PROVISIONING_PROFILE_SPECIFIER = "776-dev-wildcard-profile";
				SWIFT_VERSION = 4.2;
				TARGETED_DEVICE_FAMILY = "1,2";
			};
			name = Release;
		};
/* End XCBuildConfiguration section */

/* Begin XCConfigurationList section */
		6EE0D58021A5BBED00CF08F8 /* Build configuration list for PBXProject "EnvironmentManagerExample" */ = {
			isa = XCConfigurationList;
			buildConfigurations = (
				6EE0D59521A5BBF000CF08F8 /* Debug */,
				6EE0D59621A5BBF000CF08F8 /* Release */,
			);
			defaultConfigurationIsVisible = 0;
			defaultConfigurationName = Release;
		};
		6EE0D59721A5BBF000CF08F8 /* Build configuration list for PBXNativeTarget "EnvironmentManagerExample" */ = {
			isa = XCConfigurationList;
			buildConfigurations = (
				6EE0D59821A5BBF000CF08F8 /* Debug */,
				6EE0D59921A5BBF000CF08F8 /* Release */,
			);
			defaultConfigurationIsVisible = 0;
			defaultConfigurationName = Release;
		};
/* End XCConfigurationList section */
	};
	rootObject = 6EE0D57D21A5BBED00CF08F8 /* Project object */;
}
